
Microsoft Visual Studio Solution File, Format Version 12.00
# Visual Studio Version 17
VisualStudioVersion = 17.10.34928.147
MinimumVisualStudioVersion = 10.0.40219.1
Project("{FAE04EC0-301F-11D3-BF4B-00C04F79EFBC}") = "IWantApp", "IWantApp.csproj", "{3162C9F3-EF5B-4C28-B726-99D15F32EE08}"
EndProject
Global
	GlobalSection(SolutionConfigurationPlatforms) = preSolution
		Debug|Any CPU = Debug|Any CPU
		Release|Any CPU = Release|Any CPU
	EndGlobalSection
	GlobalSection(ProjectConfigurationPlatforms) = postSolution
		{3162C9F3-EF5B-4C28-B726-99D15F32EE08}.Debug|Any CPU.ActiveCfg = Debug|Any CPU
		{3162C9F3-EF5B-4C28-B726-99D15F32EE08}.Debug|Any CPU.Build.0 = Debug|Any CPU
		{3162C9F3-EF5B-4C28-B726-99D15F32EE08}.Release|Any CPU.ActiveCfg = Release|Any CPU
		{3162C9F3-EF5B-4C28-B726-99D15F32EE08}.Release|Any CPU.Build.0 = Release|Any CPU
	EndGlobalSection
	GlobalSection(SolutionProperties) = preSolution
		HideSolutionNode = FALSE
	EndGlobalSection
	GlobalSection(ExtensibilityGlobals) = postSolution
		SolutionGuid = {30DE33BD-4980-4A7F-89DF-EF128BABB3A6}
	EndGlobalSection
EndGlobal
